
Microsoft Visual Studio Solution File, Format Version 12.00
# Visual Studio Version 16
VisualStudioVersion = 16.0.31129.286
MinimumVisualStudioVersion = 10.0.40219.1
Project("{FAE04EC0-301F-11D3-BF4B-00C04F79EFBC}") = "WebApiTemplate", "WebApiTemplate\WebApiTemplate.csproj", "{021FC6EB-EAD1-42CB-BC6B-79C354F581CB}"
EndProject
Global
	GlobalSection(SolutionConfigurationPlatforms) = preSolution
		Debug|Any CPU = Debug|Any CPU
		Release|Any CPU = Release|Any CPU
	EndGlobalSection
	GlobalSection(ProjectConfigurationPlatforms) = postSolution
		{021FC6EB-EAD1-42CB-BC6B-79C354F581CB}.Debug|Any CPU.ActiveCfg = Debug|Any CPU
		{021FC6EB-EAD1-42CB-BC6B-79C354F581CB}.Debug|Any CPU.Build.0 = Debug|Any CPU
		{021FC6EB-EAD1-42CB-BC6B-79C354F581CB}.Release|Any CPU.ActiveCfg = Release|Any CPU
		{021FC6EB-EAD1-42CB-BC6B-79C354F581CB}.Release|Any CPU.Build.0 = Release|Any CPU
	EndGlobalSection
	GlobalSection(SolutionProperties) = preSolution
		HideSolutionNode = FALSE
	EndGlobalSection
	GlobalSection(ExtensibilityGlobals) = postSolution
		SolutionGuid = {E3FD0A3B-FF0E-421A-9942-98BE002D759E}
	EndGlobalSection
EndGlobal
